// !$*UTF8*$!
{
	archiveVersion = 1;
	classes = {
	};
	objectVersion = 46;
	objects = {

/* Begin PBXBuildFile section */
		80125D0A74A7BCA967DB7B72 /* Pods_CocoaMVCUITests.framework in Frameworks */ = {isa = PBXBuildFile; fileRef = 3E8C62CC7FE0D4DDDB4A26C4 /* Pods_CocoaMVCUITests.framework */; };
		975BE8EA18F818B0E9FA8A78 /* Pods_CocoaMVC.framework in Frameworks */ = {isa = PBXBuildFile; fileRef = 8DE54E7FE68B031EC7FA46F0 /* Pods_CocoaMVC.framework */; };
		D60BE56ADBEBA8D713E68F66 /* Pods_CocoaMVCTests.framework in Frameworks */ = {isa = PBXBuildFile; fileRef = 2ABA18EB4E0669151EEEF785 /* Pods_CocoaMVCTests.framework */; };
		E7D75C8E1F12678000FC2A0F /* AppDelegate.swift in Sources */ = {isa = PBXBuildFile; fileRef = E7D75C8D1F12678000FC2A0F /* AppDelegate.swift */; };
		E7D75C951F12678000FC2A0F /* Main.storyboard in Resources */ = {isa = PBXBuildFile; fileRef = E7D75C931F12678000FC2A0F /* Main.storyboard */; };
		E7D75C971F12678000FC2A0F /* Assets.xcassets in Resources */ = {isa = PBXBuildFile; fileRef = E7D75C961F12678000FC2A0F /* Assets.xcassets */; };
		E7D75C9A1F12678000FC2A0F /* LaunchScreen.storyboard in Resources */ = {isa = PBXBuildFile; fileRef = E7D75C981F12678000FC2A0F /* LaunchScreen.storyboard */; };
		E7D75CB01F12678100FC2A0F /* APPersonsViewControllerUITests.swift in Sources */ = {isa = PBXBuildFile; fileRef = E7D75CAF1F12678100FC2A0F /* APPersonsViewControllerUITests.swift */; };
		E7D75CC31F1273E100FC2A0F /* APPerson.swift in Sources */ = {isa = PBXBuildFile; fileRef = E7D75CC21F1273E100FC2A0F /* APPerson.swift */; };
		E7D75CC51F12747500FC2A0F /* APPersonsViewController.swift in Sources */ = {isa = PBXBuildFile; fileRef = E7D75CC41F12747500FC2A0F /* APPersonsViewController.swift */; };
		E7D75CD31F12842300FC2A0F /* APPersonViewController.swift in Sources */ = {isa = PBXBuildFile; fileRef = E7D75CD21F12842300FC2A0F /* APPersonViewController.swift */; };
		E7D75CD51F12877300FC2A0F /* SwinjectStoryboard+Setup.swift in Sources */ = {isa = PBXBuildFile; fileRef = E7D75CD41F12877300FC2A0F /* SwinjectStoryboard+Setup.swift */; };
		E7D75CD81F12883000FC2A0F /* APPersonsDisplayManager.swift in Sources */ = {isa = PBXBuildFile; fileRef = E7D75CD71F12883000FC2A0F /* APPersonsDisplayManager.swift */; };
		E7D75CDA1F12884800FC2A0F /* APPersonsDisplayManagerProtocol.swift in Sources */ = {isa = PBXBuildFile; fileRef = E7D75CD91F12884800FC2A0F /* APPersonsDisplayManagerProtocol.swift */; };
		E7D75CDE1F128AE000FC2A0F /* APPersonTableViewCell.swift in Sources */ = {isa = PBXBuildFile; fileRef = E7D75CDC1F128AE000FC2A0F /* APPersonTableViewCell.swift */; };
		E7D75CDF1F128AE000FC2A0F /* APPersonTableViewCell.xib in Resources */ = {isa = PBXBuildFile; fileRef = E7D75CDD1F128AE000FC2A0F /* APPersonTableViewCell.xib */; };
		E7D75CE11F128B5A00FC2A0F /* Helpers.swift in Sources */ = {isa = PBXBuildFile; fileRef = E7D75CE01F128B5A00FC2A0F /* Helpers.swift */; };
		E7D75CEB1F136F4400FC2A0F /* APPersonsViewControllerTests.swift in Sources */ = {isa = PBXBuildFile; fileRef = E7D75CEA1F136F4400FC2A0F /* APPersonsViewControllerTests.swift */; };
		E7D75CF31F1389D400FC2A0F /* APPersonTests.swift in Sources */ = {isa = PBXBuildFile; fileRef = E7D75CF21F1389D400FC2A0F /* APPersonTests.swift */; };
		E7D75CF71F138EC000FC2A0F /* UISplitViewMainService.swift in Sources */ = {isa = PBXBuildFile; fileRef = E7D75CF61F138EC000FC2A0F /* UISplitViewMainService.swift */; };
/* End PBXBuildFile section */

/* Begin PBXContainerItemProxy section */
		E7D75CA11F12678100FC2A0F /* PBXContainerItemProxy */ = {
			isa = PBXContainerItemProxy;
			containerPortal = E7D75C4C1F12674E00FC2A0F /* Project object */;
			proxyType = 1;
			remoteGlobalIDString = E7D75C8A1F12678000FC2A0F;
			remoteInfo = CocoaMVC;
		};
		E7D75CAC1F12678100FC2A0F /* PBXContainerItemProxy */ = {
			isa = PBXContainerItemProxy;
			containerPortal = E7D75C4C1F12674E00FC2A0F /* Project object */;
			proxyType = 1;
			remoteGlobalIDString = E7D75C8A1F12678000FC2A0F;
			remoteInfo = CocoaMVC;
		};
/* End PBXContainerItemProxy section */

/* Begin PBXFileReference section */
		129BA353F9B2DF5BD461873C /* Pods-CocoaMVCUITests.release.xcconfig */ = {isa = PBXFileReference; includeInIndex = 1; lastKnownFileType = text.xcconfig; name = "Pods-CocoaMVCUITests.release.xcconfig"; path = "Pods/Target Support Files/Pods-CocoaMVCUITests/Pods-CocoaMVCUITests.release.xcconfig"; sourceTree = "<group>"; };
		1D16E8E5311A7D25B31FFB05 /* Pods-CocoaMVCUITests.debug.xcconfig */ = {isa = PBXFileReference; includeInIndex = 1; lastKnownFileType = text.xcconfig; name = "Pods-CocoaMVCUITests.debug.xcconfig"; path = "Pods/Target Support Files/Pods-CocoaMVCUITests/Pods-CocoaMVCUITests.debug.xcconfig"; sourceTree = "<group>"; };
		2ABA18EB4E0669151EEEF785 /* Pods_CocoaMVCTests.framework */ = {isa = PBXFileReference; explicitFileType = wrapper.framework; includeInIndex = 0; path = Pods_CocoaMVCTests.framework; sourceTree = BUILT_PRODUCTS_DIR; };
		33305C0EFEBDE64A0268FBE3 /* Pods-CocoaMVCTests.release.xcconfig */ = {isa = PBXFileReference; includeInIndex = 1; lastKnownFileType = text.xcconfig; name = "Pods-CocoaMVCTests.release.xcconfig"; path = "Pods/Target Support Files/Pods-CocoaMVCTests/Pods-CocoaMVCTests.release.xcconfig"; sourceTree = "<group>"; };
		3E8C62CC7FE0D4DDDB4A26C4 /* Pods_CocoaMVCUITests.framework */ = {isa = PBXFileReference; explicitFileType = wrapper.framework; includeInIndex = 0; path = Pods_CocoaMVCUITests.framework; sourceTree = BUILT_PRODUCTS_DIR; };
		451A53B4EC7A2223FCDC3087 /* Pods-CocoaMVC.debug.xcconfig */ = {isa = PBXFileReference; includeInIndex = 1; lastKnownFileType = text.xcconfig; name = "Pods-CocoaMVC.debug.xcconfig"; path = "Pods/Target Support Files/Pods-CocoaMVC/Pods-CocoaMVC.debug.xcconfig"; sourceTree = "<group>"; };
		6E0D3AFA2C92DA0F553F8890 /* Pods-CocoaMVCTests.debug.xcconfig */ = {isa = PBXFileReference; includeInIndex = 1; lastKnownFileType = text.xcconfig; name = "Pods-CocoaMVCTests.debug.xcconfig"; path = "Pods/Target Support Files/Pods-CocoaMVCTests/Pods-CocoaMVCTests.debug.xcconfig"; sourceTree = "<group>"; };
		8DE54E7FE68B031EC7FA46F0 /* Pods_CocoaMVC.framework */ = {isa = PBXFileReference; explicitFileType = wrapper.framework; includeInIndex = 0; path = Pods_CocoaMVC.framework; sourceTree = BUILT_PRODUCTS_DIR; };
		B7B34A29407DFAD5843B92EC /* Pods-CocoaMVC.release.xcconfig */ = {isa = PBXFileReference; includeInIndex = 1; lastKnownFileType = text.xcconfig; name = "Pods-CocoaMVC.release.xcconfig"; path = "Pods/Target Support Files/Pods-CocoaMVC/Pods-CocoaMVC.release.xcconfig"; sourceTree = "<group>"; };
		E7D75C8B1F12678000FC2A0F /* CocoaMVC.app */ = {isa = PBXFileReference; explicitFileType = wrapper.application; includeInIndex = 0; path = CocoaMVC.app; sourceTree = BUILT_PRODUCTS_DIR; };
		E7D75C8D1F12678000FC2A0F /* AppDelegate.swift */ = {isa = PBXFileReference; lastKnownFileType = sourcecode.swift; path = AppDelegate.swift; sourceTree = "<group>"; };
		E7D75C941F12678000FC2A0F /* Base */ = {isa = PBXFileReference; lastKnownFileType = file.storyboard; name = Base; path = Base.lproj/Main.storyboard; sourceTree = "<group>"; };
		E7D75C961F12678000FC2A0F /* Assets.xcassets */ = {isa = PBXFileReference; lastKnownFileType = folder.assetcatalog; path = Assets.xcassets; sourceTree = "<group>"; };
		E7D75C991F12678000FC2A0F /* Base */ = {isa = PBXFileReference; lastKnownFileType = file.storyboard; name = Base; path = Base.lproj/LaunchScreen.storyboard; sourceTree = "<group>"; };
		E7D75C9B1F12678000FC2A0F /* Info.plist */ = {isa = PBXFileReference; lastKnownFileType = text.plist.xml; path = Info.plist; sourceTree = "<group>"; };
		E7D75CA01F12678000FC2A0F /* CocoaMVCTests.xctest */ = {isa = PBXFileReference; explicitFileType = wrapper.cfbundle; includeInIndex = 0; path = CocoaMVCTests.xctest; sourceTree = BUILT_PRODUCTS_DIR; };
		E7D75CA61F12678100FC2A0F /* Info.plist */ = {isa = PBXFileReference; lastKnownFileType = text.plist.xml; path = Info.plist; sourceTree = "<group>"; };
		E7D75CAB1F12678100FC2A0F /* CocoaMVCUITests.xctest */ = {isa = PBXFileReference; explicitFileType = wrapper.cfbundle; includeInIndex = 0; path = CocoaMVCUITests.xctest; sourceTree = BUILT_PRODUCTS_DIR; };
		E7D75CAF1F12678100FC2A0F /* APPersonsViewControllerUITests.swift */ = {isa = PBXFileReference; lastKnownFileType = sourcecode.swift; path = APPersonsViewControllerUITests.swift; sourceTree = "<group>"; };
		E7D75CB11F12678100FC2A0F /* Info.plist */ = {isa = PBXFileReference; lastKnownFileType = text.plist.xml; path = Info.plist; sourceTree = "<group>"; };
		E7D75CC21F1273E100FC2A0F /* APPerson.swift */ = {isa = PBXFileReference; fileEncoding = 4; lastKnownFileType = sourcecode.swift; path = APPerson.swift; sourceTree = "<group>"; };
		E7D75CC41F12747500FC2A0F /* APPersonsViewController.swift */ = {isa = PBXFileReference; fileEncoding = 4; lastKnownFileType = sourcecode.swift; path = APPersonsViewController.swift; sourceTree = "<group>"; };
		E7D75CD21F12842300FC2A0F /* APPersonViewController.swift */ = {isa = PBXFileReference; fileEncoding = 4; lastKnownFileType = sourcecode.swift; path = APPersonViewController.swift; sourceTree = "<group>"; };
		E7D75CD41F12877300FC2A0F /* SwinjectStoryboard+Setup.swift */ = {isa = PBXFileReference; fileEncoding = 4; lastKnownFileType = sourcecode.swift; path = "SwinjectStoryboard+Setup.swift"; sourceTree = "<group>"; };
		E7D75CD71F12883000FC2A0F /* APPersonsDisplayManager.swift */ = {isa = PBXFileReference; fileEncoding = 4; lastKnownFileType = sourcecode.swift; path = APPersonsDisplayManager.swift; sourceTree = "<group>"; };
		E7D75CD91F12884800FC2A0F /* APPersonsDisplayManagerProtocol.swift */ = {isa = PBXFileReference; fileEncoding = 4; lastKnownFileType = sourcecode.swift; path = APPersonsDisplayManagerProtocol.swift; sourceTree = "<group>"; };
		E7D75CDC1F128AE000FC2A0F /* APPersonTableViewCell.swift */ = {isa = PBXFileReference; fileEncoding = 4; lastKnownFileType = sourcecode.swift; path = APPersonTableViewCell.swift; sourceTree = "<group>"; };
		E7D75CDD1F128AE000FC2A0F /* APPersonTableViewCell.xib */ = {isa = PBXFileReference; fileEncoding = 4; lastKnownFileType = file.xib; path = APPersonTableViewCell.xib; sourceTree = "<group>"; };
		E7D75CE01F128B5A00FC2A0F /* Helpers.swift */ = {isa = PBXFileReference; fileEncoding = 4; lastKnownFileType = sourcecode.swift; path = Helpers.swift; sourceTree = "<group>"; };
		E7D75CEA1F136F4400FC2A0F /* APPersonsViewControllerTests.swift */ = {isa = PBXFileReference; fileEncoding = 4; lastKnownFileType = sourcecode.swift; path = APPersonsViewControllerTests.swift; sourceTree = "<group>"; };
		E7D75CF21F1389D400FC2A0F /* APPersonTests.swift */ = {isa = PBXFileReference; fileEncoding = 4; lastKnownFileType = sourcecode.swift; path = APPersonTests.swift; sourceTree = "<group>"; };
		E7D75CF61F138EC000FC2A0F /* UISplitViewMainService.swift */ = {isa = PBXFileReference; fileEncoding = 4; lastKnownFileType = sourcecode.swift; path = UISplitViewMainService.swift; sourceTree = "<group>"; };
/* End PBXFileReference section */

/* Begin PBXFrameworksBuildPhase section */
		E7D75C881F12678000FC2A0F /* Frameworks */ = {
			isa = PBXFrameworksBuildPhase;
			buildActionMask = 2147483647;
			files = (
				975BE8EA18F818B0E9FA8A78 /* Pods_CocoaMVC.framework in Frameworks */,
			);
			runOnlyForDeploymentPostprocessing = 0;
		};
		E7D75C9D1F12678000FC2A0F /* Frameworks */ = {
			isa = PBXFrameworksBuildPhase;
			buildActionMask = 2147483647;
			files = (
				D60BE56ADBEBA8D713E68F66 /* Pods_CocoaMVCTests.framework in Frameworks */,
			);
			runOnlyForDeploymentPostprocessing = 0;
		};
		E7D75CA81F12678100FC2A0F /* Frameworks */ = {
			isa = PBXFrameworksBuildPhase;
			buildActionMask = 2147483647;
			files = (
				80125D0A74A7BCA967DB7B72 /* Pods_CocoaMVCUITests.framework in Frameworks */,
			);
			runOnlyForDeploymentPostprocessing = 0;
		};
/* End PBXFrameworksBuildPhase section */

/* Begin PBXGroup section */
		58562038DBD9548BF58CD00F /* Frameworks */ = {
			isa = PBXGroup;
			children = (
				8DE54E7FE68B031EC7FA46F0 /* Pods_CocoaMVC.framework */,
				2ABA18EB4E0669151EEEF785 /* Pods_CocoaMVCTests.framework */,
				3E8C62CC7FE0D4DDDB4A26C4 /* Pods_CocoaMVCUITests.framework */,
			);
			name = Frameworks;
			sourceTree = "<group>";
		};
		E7D75C4B1F12674E00FC2A0F = {
			isa = PBXGroup;
			children = (
				E7D75CBB1F12699900FC2A0F /* Cocoa MVC */,
				E7D75C551F12674E00FC2A0F /* Products */,
				FB500F8F9CFA4104EFC427FE /* Pods */,
				58562038DBD9548BF58CD00F /* Frameworks */,
			);
			sourceTree = "<group>";
		};
		E7D75C551F12674E00FC2A0F /* Products */ = {
			isa = PBXGroup;
			children = (
				E7D75C8B1F12678000FC2A0F /* CocoaMVC.app */,
				E7D75CA01F12678000FC2A0F /* CocoaMVCTests.xctest */,
				E7D75CAB1F12678100FC2A0F /* CocoaMVCUITests.xctest */,
			);
			name = Products;
			sourceTree = "<group>";
		};
		E7D75C8C1F12678000FC2A0F /* Sources */ = {
			isa = PBXGroup;
			children = (
				E7D75CBE1F126E2700FC2A0F /* Storyboards */,
				E7D75CF81F1393F600FC2A0F /* ApplicationLayer */,
				E7D75CBD1F126E1D00FC2A0F /* PresentationLayer */,
				E7D75CF51F138E9B00FC2A0F /* BusinessLayer */,
				E7D75CC01F126E5C00FC2A0F /* Models */,
				E7D75CCE1F12802A00FC2A0F /* Views */,
				E7D75CCF1F12803F00FC2A0F /* Helpers */,
				E7D75CBC1F126E0B00FC2A0F /* Resources */,
			);
			name = Sources;
			path = CocoaMVC;
			sourceTree = "<group>";
		};
		E7D75CA31F12678100FC2A0F /* CocoaMVCTests */ = {
			isa = PBXGroup;
			children = (
				E7D75CEF1F13781900FC2A0F /* Models */,
				E7D75CEE1F13781300FC2A0F /* Controllers */,
				E7D75CA61F12678100FC2A0F /* Info.plist */,
			);
			path = CocoaMVCTests;
			sourceTree = "<group>";
		};
		E7D75CAE1F12678100FC2A0F /* CocoaMVCUITests */ = {
			isa = PBXGroup;
			children = (
				E7D75CF41F138C0400FC2A0F /* Persons  */,
				E7D75CB11F12678100FC2A0F /* Info.plist */,
			);
			path = CocoaMVCUITests;
			sourceTree = "<group>";
		};
		E7D75CBB1F12699900FC2A0F /* Cocoa MVC */ = {
			isa = PBXGroup;
			children = (
				E7D75C8C1F12678000FC2A0F /* Sources */,
				E7D75CA31F12678100FC2A0F /* CocoaMVCTests */,
				E7D75CAE1F12678100FC2A0F /* CocoaMVCUITests */,
			);
			name = "Cocoa MVC";
			sourceTree = "<group>";
		};
		E7D75CBC1F126E0B00FC2A0F /* Resources */ = {
			isa = PBXGroup;
			children = (
				E7D75C961F12678000FC2A0F /* Assets.xcassets */,
				E7D75C981F12678000FC2A0F /* LaunchScreen.storyboard */,
				E7D75C9B1F12678000FC2A0F /* Info.plist */,
			);
			name = Resources;
			sourceTree = "<group>";
		};
		E7D75CBD1F126E1D00FC2A0F /* PresentationLayer */ = {
			isa = PBXGroup;
			children = (
				E7D75CC11F1273BF00FC2A0F /* Persons Controller */,
				E7D75CD01F1283D800FC2A0F /* Person Controller */,
			);
			name = PresentationLayer;
			sourceTree = "<group>";
		};
		E7D75CBE1F126E2700FC2A0F /* Storyboards */ = {
			isa = PBXGroup;
			children = (
				E7D75C931F12678000FC2A0F /* Main.storyboard */,
			);
			name = Storyboards;
			sourceTree = "<group>";
		};
		E7D75CC01F126E5C00FC2A0F /* Models */ = {
			isa = PBXGroup;
			children = (
				E7D75CC21F1273E100FC2A0F /* APPerson.swift */,
			);
			name = Models;
			sourceTree = "<group>";
		};
		E7D75CC11F1273BF00FC2A0F /* Persons Controller */ = {
			isa = PBXGroup;
			children = (
				E7D75CDB1F12884F00FC2A0F /* Display Manager */,
				E7D75CC41F12747500FC2A0F /* APPersonsViewController.swift */,
			);
			name = "Persons Controller";
			sourceTree = "<group>";
		};
		E7D75CCE1F12802A00FC2A0F /* Views */ = {
			isa = PBXGroup;
			children = (
				E7D75CDC1F128AE000FC2A0F /* APPersonTableViewCell.swift */,
				E7D75CDD1F128AE000FC2A0F /* APPersonTableViewCell.xib */,
			);
			name = Views;
			sourceTree = "<group>";
		};
		E7D75CCF1F12803F00FC2A0F /* Helpers */ = {
			isa = PBXGroup;
			children = (
				E7D75CE01F128B5A00FC2A0F /* Helpers.swift */,
			);
			name = Helpers;
			sourceTree = "<group>";
		};
		E7D75CD01F1283D800FC2A0F /* Person Controller */ = {
			isa = PBXGroup;
			children = (
				E7D75CD21F12842300FC2A0F /* APPersonViewController.swift */,
			);
			name = "Person Controller";
			sourceTree = "<group>";
		};
		E7D75CDB1F12884F00FC2A0F /* Display Manager */ = {
			isa = PBXGroup;
			children = (
				E7D75CD91F12884800FC2A0F /* APPersonsDisplayManagerProtocol.swift */,
				E7D75CD71F12883000FC2A0F /* APPersonsDisplayManager.swift */,
			);
			name = "Display Manager";
			sourceTree = "<group>";
		};
		E7D75CE21F12D9EC00FC2A0F /* Persons Tests */ = {
			isa = PBXGroup;
			children = (
				E7D75CEA1F136F4400FC2A0F /* APPersonsViewControllerTests.swift */,
			);
			name = "Persons Tests";
			sourceTree = "<group>";
		};
		E7D75CEE1F13781300FC2A0F /* Controllers */ = {
			isa = PBXGroup;
			children = (
				E7D75CE21F12D9EC00FC2A0F /* Persons Tests */,
			);
			name = Controllers;
			sourceTree = "<group>";
		};
		E7D75CEF1F13781900FC2A0F /* Models */ = {
			isa = PBXGroup;
			children = (
				E7D75CF21F1389D400FC2A0F /* APPersonTests.swift */,
			);
			name = Models;
			sourceTree = "<group>";
		};
		E7D75CF41F138C0400FC2A0F /* Persons  */ = {
			isa = PBXGroup;
			children = (
				E7D75CAF1F12678100FC2A0F /* APPersonsViewControllerUITests.swift */,
			);
			name = "Persons ";
			sourceTree = "<group>";
		};
		E7D75CF51F138E9B00FC2A0F /* BusinessLayer */ = {
			isa = PBXGroup;
			children = (
				E7D75CF91F13978800FC2A0F /* UISplitViewMainService */,
			);
			name = BusinessLayer;
			sourceTree = "<group>";
		};
		E7D75CF81F1393F600FC2A0F /* ApplicationLayer */ = {
			isa = PBXGroup;
			children = (
				E7D75C8D1F12678000FC2A0F /* AppDelegate.swift */,
				E7D75CD41F12877300FC2A0F /* SwinjectStoryboard+Setup.swift */,
			);
			name = ApplicationLayer;
			sourceTree = "<group>";
		};
		E7D75CF91F13978800FC2A0F /* UISplitViewMainService */ = {
			isa = PBXGroup;
			children = (
				E7D75CF61F138EC000FC2A0F /* UISplitViewMainService.swift */,
			);
			name = UISplitViewMainService;
			sourceTree = "<group>";
		};
		FB500F8F9CFA4104EFC427FE /* Pods */ = {
			isa = PBXGroup;
			children = (
				451A53B4EC7A2223FCDC3087 /* Pods-CocoaMVC.debug.xcconfig */,
				B7B34A29407DFAD5843B92EC /* Pods-CocoaMVC.release.xcconfig */,
				6E0D3AFA2C92DA0F553F8890 /* Pods-CocoaMVCTests.debug.xcconfig */,
				33305C0EFEBDE64A0268FBE3 /* Pods-CocoaMVCTests.release.xcconfig */,
				1D16E8E5311A7D25B31FFB05 /* Pods-CocoaMVCUITests.debug.xcconfig */,
				129BA353F9B2DF5BD461873C /* Pods-CocoaMVCUITests.release.xcconfig */,
			);
			name = Pods;
			sourceTree = "<group>";
		};
/* End PBXGroup section */

/* Begin PBXNativeTarget section */
		E7D75C8A1F12678000FC2A0F /* CocoaMVC */ = {
			isa = PBXNativeTarget;
			buildConfigurationList = E7D75CB21F12678100FC2A0F /* Build configuration list for PBXNativeTarget "CocoaMVC" */;
			buildPhases = (
				E2D71E249C6489E34AE872C7 /* [CP] Check Pods Manifest.lock */,
				E7D75C871F12678000FC2A0F /* Sources */,
				E7D75C881F12678000FC2A0F /* Frameworks */,
				E7D75C891F12678000FC2A0F /* Resources */,
				D0E9D18A0D2FC16D22D0FAFE /* [CP] Embed Pods Frameworks */,
				9EF7A3BB9E1E9072A7129905 /* [CP] Copy Pods Resources */,
			);
			buildRules = (
			);
			dependencies = (
			);
			name = CocoaMVC;
			productName = CocoaMVC;
			productReference = E7D75C8B1F12678000FC2A0F /* CocoaMVC.app */;
			productType = "com.apple.product-type.application";
		};
		E7D75C9F1F12678000FC2A0F /* CocoaMVCTests */ = {
			isa = PBXNativeTarget;
			buildConfigurationList = E7D75CB51F12678100FC2A0F /* Build configuration list for PBXNativeTarget "CocoaMVCTests" */;
			buildPhases = (
				6EA87A5F68693F89902D65E4 /* [CP] Check Pods Manifest.lock */,
				E7D75C9C1F12678000FC2A0F /* Sources */,
				E7D75C9D1F12678000FC2A0F /* Frameworks */,
				E7D75C9E1F12678000FC2A0F /* Resources */,
				CD99643D88335B5994114D69 /* [CP] Embed Pods Frameworks */,
				A80DF5CA1A52382D38DDD4BA /* [CP] Copy Pods Resources */,
			);
			buildRules = (
			);
			dependencies = (
				E7D75CA21F12678100FC2A0F /* PBXTargetDependency */,
			);
			name = CocoaMVCTests;
			productName = CocoaMVCTests;
			productReference = E7D75CA01F12678000FC2A0F /* CocoaMVCTests.xctest */;
			productType = "com.apple.product-type.bundle.unit-test";
		};
		E7D75CAA1F12678100FC2A0F /* CocoaMVCUITests */ = {
			isa = PBXNativeTarget;
			buildConfigurationList = E7D75CB81F12678100FC2A0F /* Build configuration list for PBXNativeTarget "CocoaMVCUITests" */;
			buildPhases = (
				7AE4954057CB2BAF9A255FFA /* [CP] Check Pods Manifest.lock */,
				E7D75CA71F12678100FC2A0F /* Sources */,
				E7D75CA81F12678100FC2A0F /* Frameworks */,
				E7D75CA91F12678100FC2A0F /* Resources */,
				EB1526FC0A0CC588123A8CF2 /* [CP] Embed Pods Frameworks */,
				D80B6FAB2F79199E4C9BF73B /* [CP] Copy Pods Resources */,
			);
			buildRules = (
			);
			dependencies = (
				E7D75CAD1F12678100FC2A0F /* PBXTargetDependency */,
			);
			name = CocoaMVCUITests;
			productName = CocoaMVCUITests;
			productReference = E7D75CAB1F12678100FC2A0F /* CocoaMVCUITests.xctest */;
			productType = "com.apple.product-type.bundle.ui-testing";
		};
/* End PBXNativeTarget section */

/* Begin PBXProject section */
		E7D75C4C1F12674E00FC2A0F /* Project object */ = {
			isa = PBXProject;
			attributes = {
				LastSwiftUpdateCheck = 0830;
				LastUpgradeCheck = 0830;
				ORGANIZATIONNAME = Vladimir;
				TargetAttributes = {
					E7D75C8A1F12678000FC2A0F = {
						CreatedOnToolsVersion = 8.3.3;
						ProvisioningStyle = Automatic;
					};
					E7D75C9F1F12678000FC2A0F = {
						CreatedOnToolsVersion = 8.3.3;
						ProvisioningStyle = Automatic;
						TestTargetID = E7D75C8A1F12678000FC2A0F;
					};
					E7D75CAA1F12678100FC2A0F = {
						CreatedOnToolsVersion = 8.3.3;
						ProvisioningStyle = Automatic;
						TestTargetID = E7D75C8A1F12678000FC2A0F;
					};
				};
			};
			buildConfigurationList = E7D75C4F1F12674E00FC2A0F /* Build configuration list for PBXProject "Architectural Patterns" */;
			compatibilityVersion = "Xcode 3.2";
			developmentRegion = English;
			hasScannedForEncodings = 0;
			knownRegions = (
				en,
				Base,
			);
			mainGroup = E7D75C4B1F12674E00FC2A0F;
			productRefGroup = E7D75C551F12674E00FC2A0F /* Products */;
			projectDirPath = "";
			projectRoot = "";
			targets = (
				E7D75C8A1F12678000FC2A0F /* CocoaMVC */,
				E7D75C9F1F12678000FC2A0F /* CocoaMVCTests */,
				E7D75CAA1F12678100FC2A0F /* CocoaMVCUITests */,
			);
		};
/* End PBXProject section */

/* Begin PBXResourcesBuildPhase section */
		E7D75C891F12678000FC2A0F /* Resources */ = {
			isa = PBXResourcesBuildPhase;
			buildActionMask = 2147483647;
			files = (
				E7D75C9A1F12678000FC2A0F /* LaunchScreen.storyboard in Resources */,
				E7D75CDF1F128AE000FC2A0F /* APPersonTableViewCell.xib in Resources */,
				E7D75C971F12678000FC2A0F /* Assets.xcassets in Resources */,
				E7D75C951F12678000FC2A0F /* Main.storyboard in Resources */,
			);
			runOnlyForDeploymentPostprocessing = 0;
		};
		E7D75C9E1F12678000FC2A0F /* Resources */ = {
			isa = PBXResourcesBuildPhase;
			buildActionMask = 2147483647;
			files = (
			);
			runOnlyForDeploymentPostprocessing = 0;
		};
		E7D75CA91F12678100FC2A0F /* Resources */ = {
			isa = PBXResourcesBuildPhase;
			buildActionMask = 2147483647;
			files = (
			);
			runOnlyForDeploymentPostprocessing = 0;
		};
/* End PBXResourcesBuildPhase section */

/* Begin PBXShellScriptBuildPhase section */
		6EA87A5F68693F89902D65E4 /* [CP] Check Pods Manifest.lock */ = {
			isa = PBXShellScriptBuildPhase;
			buildActionMask = 2147483647;
			files = (
			);
			inputPaths = (
			);
			name = "[CP] Check Pods Manifest.lock";
			outputPaths = (
			);
			runOnlyForDeploymentPostprocessing = 0;
			shellPath = /bin/sh;
			shellScript = "diff \"${PODS_PODFILE_DIR_PATH}/Podfile.lock\" \"${PODS_ROOT}/Manifest.lock\" > /dev/null\nif [ $? != 0 ] ; then\n    # print error to STDERR\n    echo \"error: The sandbox is not in sync with the Podfile.lock. Run 'pod install' or update your CocoaPods installation.\" >&2\n    exit 1\nfi\n";
			showEnvVarsInLog = 0;
		};
		7AE4954057CB2BAF9A255FFA /* [CP] Check Pods Manifest.lock */ = {
			isa = PBXShellScriptBuildPhase;
			buildActionMask = 2147483647;
			files = (
			);
			inputPaths = (
			);
			name = "[CP] Check Pods Manifest.lock";
			outputPaths = (
			);
			runOnlyForDeploymentPostprocessing = 0;
			shellPath = /bin/sh;
			shellScript = "diff \"${PODS_PODFILE_DIR_PATH}/Podfile.lock\" \"${PODS_ROOT}/Manifest.lock\" > /dev/null\nif [ $? != 0 ] ; then\n    # print error to STDERR\n    echo \"error: The sandbox is not in sync with the Podfile.lock. Run 'pod install' or update your CocoaPods installation.\" >&2\n    exit 1\nfi\n";
			showEnvVarsInLog = 0;
		};
		9EF7A3BB9E1E9072A7129905 /* [CP] Copy Pods Resources */ = {
			isa = PBXShellScriptBuildPhase;
			buildActionMask = 2147483647;
			files = (
			);
			inputPaths = (
			);
			name = "[CP] Copy Pods Resources";
			outputPaths = (
			);
			runOnlyForDeploymentPostprocessing = 0;
			shellPath = /bin/sh;
			shellScript = "\"${SRCROOT}/Pods/Target Support Files/Pods-CocoaMVC/Pods-CocoaMVC-resources.sh\"\n";
			showEnvVarsInLog = 0;
		};
		A80DF5CA1A52382D38DDD4BA /* [CP] Copy Pods Resources */ = {
			isa = PBXShellScriptBuildPhase;
			buildActionMask = 2147483647;
			files = (
			);
			inputPaths = (
			);
			name = "[CP] Copy Pods Resources";
			outputPaths = (
			);
			runOnlyForDeploymentPostprocessing = 0;
			shellPath = /bin/sh;
			shellScript = "\"${SRCROOT}/Pods/Target Support Files/Pods-CocoaMVCTests/Pods-CocoaMVCTests-resources.sh\"\n";
			showEnvVarsInLog = 0;
		};
		CD99643D88335B5994114D69 /* [CP] Embed Pods Frameworks */ = {
			isa = PBXShellScriptBuildPhase;
			buildActionMask = 2147483647;
			files = (
			);
			inputPaths = (
			);
			name = "[CP] Embed Pods Frameworks";
			outputPaths = (
			);
			runOnlyForDeploymentPostprocessing = 0;
			shellPath = /bin/sh;
			shellScript = "\"${SRCROOT}/Pods/Target Support Files/Pods-CocoaMVCTests/Pods-CocoaMVCTests-frameworks.sh\"\n";
			showEnvVarsInLog = 0;
		};
		D0E9D18A0D2FC16D22D0FAFE /* [CP] Embed Pods Frameworks */ = {
			isa = PBXShellScriptBuildPhase;
			buildActionMask = 2147483647;
			files = (
			);
			inputPaths = (
			);
			name = "[CP] Embed Pods Frameworks";
			outputPaths = (
			);
			runOnlyForDeploymentPostprocessing = 0;
			shellPath = /bin/sh;
			shellScript = "\"${SRCROOT}/Pods/Target Support Files/Pods-CocoaMVC/Pods-CocoaMVC-frameworks.sh\"\n";
			showEnvVarsInLog = 0;
		};
		D80B6FAB2F79199E4C9BF73B /* [CP] Copy Pods Resources */ = {
			isa = PBXShellScriptBuildPhase;
			buildActionMask = 2147483647;
			files = (
			);
			inputPaths = (
			);
			name = "[CP] Copy Pods Resources";
			outputPaths = (
			);
			runOnlyForDeploymentPostprocessing = 0;
			shellPath = /bin/sh;
			shellScript = "\"${SRCROOT}/Pods/Target Support Files/Pods-CocoaMVCUITests/Pods-CocoaMVCUITests-resources.sh\"\n";
			showEnvVarsInLog = 0;
		};
		E2D71E249C6489E34AE872C7 /* [CP] Check Pods Manifest.lock */ = {
			isa = PBXShellScriptBuildPhase;
			buildActionMask = 2147483647;
			files = (
			);
			inputPaths = (
			);
			name = "[CP] Check Pods Manifest.lock";
			outputPaths = (
			);
			runOnlyForDeploymentPostprocessing = 0;
			shellPath = /bin/sh;
			shellScript = "diff \"${PODS_PODFILE_DIR_PATH}/Podfile.lock\" \"${PODS_ROOT}/Manifest.lock\" > /dev/null\nif [ $? != 0 ] ; then\n    # print error to STDERR\n    echo \"error: The sandbox is not in sync with the Podfile.lock. Run 'pod install' or update your CocoaPods installation.\" >&2\n    exit 1\nfi\n";
			showEnvVarsInLog = 0;
		};
		EB1526FC0A0CC588123A8CF2 /* [CP] Embed Pods Frameworks */ = {
			isa = PBXShellScriptBuildPhase;
			buildActionMask = 2147483647;
			files = (
			);
			inputPaths = (
			);
			name = "[CP] Embed Pods Frameworks";
			outputPaths = (
			);
			runOnlyForDeploymentPostprocessing = 0;
			shellPath = /bin/sh;
			shellScript = "\"${SRCROOT}/Pods/Target Support Files/Pods-CocoaMVCUITests/Pods-CocoaMVCUITests-frameworks.sh\"\n";
			showEnvVarsInLog = 0;
		};
/* End PBXShellScriptBuildPhase section */

/* Begin PBXSourcesBuildPhase section */
		E7D75C871F12678000FC2A0F /* Sources */ = {
			isa = PBXSourcesBuildPhase;
			buildActionMask = 2147483647;
			files = (
				E7D75CD31F12842300FC2A0F /* APPersonViewController.swift in Sources */,
				E7D75CC51F12747500FC2A0F /* APPersonsViewController.swift in Sources */,
				E7D75CDE1F128AE000FC2A0F /* APPersonTableViewCell.swift in Sources */,
				E7D75CE11F128B5A00FC2A0F /* Helpers.swift in Sources */,
				E7D75CDA1F12884800FC2A0F /* APPersonsDisplayManagerProtocol.swift in Sources */,
				E7D75CC31F1273E100FC2A0F /* APPerson.swift in Sources */,
				E7D75CF71F138EC000FC2A0F /* UISplitViewMainService.swift in Sources */,
				E7D75CD81F12883000FC2A0F /* APPersonsDisplayManager.swift in Sources */,
				E7D75CD51F12877300FC2A0F /* SwinjectStoryboard+Setup.swift in Sources */,
				E7D75C8E1F12678000FC2A0F /* AppDelegate.swift in Sources */,
			);
			runOnlyForDeploymentPostprocessing = 0;
		};
		E7D75C9C1F12678000FC2A0F /* Sources */ = {
			isa = PBXSourcesBuildPhase;
			buildActionMask = 2147483647;
			files = (
				E7D75CEB1F136F4400FC2A0F /* APPersonsViewControllerTests.swift in Sources */,
				E7D75CF31F1389D400FC2A0F /* APPersonTests.swift in Sources */,
			);
			runOnlyForDeploymentPostprocessing = 0;
		};
		E7D75CA71F12678100FC2A0F /* Sources */ = {
			isa = PBXSourcesBuildPhase;
			buildActionMask = 2147483647;
			files = (
				E7D75CB01F12678100FC2A0F /* APPersonsViewControllerUITests.swift in Sources */,
			);
			runOnlyForDeploymentPostprocessing = 0;
		};
/* End PBXSourcesBuildPhase section */

/* Begin PBXTargetDependency section */
		E7D75CA21F12678100FC2A0F /* PBXTargetDependency */ = {
			isa = PBXTargetDependency;
			target = E7D75C8A1F12678000FC2A0F /* CocoaMVC */;
			targetProxy = E7D75CA11F12678100FC2A0F /* PBXContainerItemProxy */;
		};
		E7D75CAD1F12678100FC2A0F /* PBXTargetDependency */ = {
			isa = PBXTargetDependency;
			target = E7D75C8A1F12678000FC2A0F /* CocoaMVC */;
			targetProxy = E7D75CAC1F12678100FC2A0F /* PBXContainerItemProxy */;
		};
/* End PBXTargetDependency section */

/* Begin PBXVariantGroup section */
		E7D75C931F12678000FC2A0F /* Main.storyboard */ = {
			isa = PBXVariantGroup;
			children = (
				E7D75C941F12678000FC2A0F /* Base */,
			);
			name = Main.storyboard;
			sourceTree = "<group>";
		};
		E7D75C981F12678000FC2A0F /* LaunchScreen.storyboard */ = {
			isa = PBXVariantGroup;
			children = (
				E7D75C991F12678000FC2A0F /* Base */,
			);
			name = LaunchScreen.storyboard;
			sourceTree = "<group>";
		};
/* End PBXVariantGroup section */

/* Begin XCBuildConfiguration section */
		E7D75C7C1F12674E00FC2A0F /* Debug */ = {
			isa = XCBuildConfiguration;
			buildSettings = {
				ALWAYS_SEARCH_USER_PATHS = NO;
				CLANG_ANALYZER_NONNULL = YES;
				CLANG_ANALYZER_NUMBER_OBJECT_CONVERSION = YES_AGGRESSIVE;
				CLANG_CXX_LANGUAGE_STANDARD = "gnu++0x";
				CLANG_CXX_LIBRARY = "libc++";
				CLANG_ENABLE_MODULES = YES;
				CLANG_ENABLE_OBJC_ARC = YES;
				CLANG_WARN_BOOL_CONVERSION = YES;
				CLANG_WARN_CONSTANT_CONVERSION = YES;
				CLANG_WARN_DIRECT_OBJC_ISA_USAGE = YES_ERROR;
				CLANG_WARN_DOCUMENTATION_COMMENTS = YES;
				CLANG_WARN_EMPTY_BODY = YES;
				CLANG_WARN_ENUM_CONVERSION = YES;
				CLANG_WARN_INFINITE_RECURSION = YES;
				CLANG_WARN_INT_CONVERSION = YES;
				CLANG_WARN_OBJC_ROOT_CLASS = YES_ERROR;
				CLANG_WARN_SUSPICIOUS_MOVE = YES;
				CLANG_WARN_UNREACHABLE_CODE = YES;
				CLANG_WARN__DUPLICATE_METHOD_MATCH = YES;
				"CODE_SIGN_IDENTITY[sdk=iphoneos*]" = "iPhone Developer";
				COPY_PHASE_STRIP = NO;
				DEBUG_INFORMATION_FORMAT = dwarf;
				ENABLE_STRICT_OBJC_MSGSEND = YES;
				ENABLE_TESTABILITY = YES;
				GCC_C_LANGUAGE_STANDARD = gnu99;
				GCC_DYNAMIC_NO_PIC = NO;
				GCC_NO_COMMON_BLOCKS = YES;
				GCC_OPTIMIZATION_LEVEL = 0;
				GCC_PREPROCESSOR_DEFINITIONS = (
					"DEBUG=1",
					"$(inherited)",
				);
				GCC_WARN_64_TO_32_BIT_CONVERSION = YES;
				GCC_WARN_ABOUT_RETURN_TYPE = YES_ERROR;
				GCC_WARN_UNDECLARED_SELECTOR = YES;
				GCC_WARN_UNINITIALIZED_AUTOS = YES_AGGRESSIVE;
				GCC_WARN_UNUSED_FUNCTION = YES;
				GCC_WARN_UNUSED_VARIABLE = YES;
				IPHONEOS_DEPLOYMENT_TARGET = 10.3;
				MTL_ENABLE_DEBUG_INFO = YES;
				ONLY_ACTIVE_ARCH = YES;
				SDKROOT = iphoneos;
				SWIFT_ACTIVE_COMPILATION_CONDITIONS = DEBUG;
				SWIFT_OPTIMIZATION_LEVEL = "-Onone";
				TARGETED_DEVICE_FAMILY = "1,2";
			};
			name = Debug;
		};
		E7D75C7D1F12674E00FC2A0F /* Release */ = {
			isa = XCBuildConfiguration;
			buildSettings = {
				ALWAYS_SEARCH_USER_PATHS = NO;
				CLANG_ANALYZER_NONNULL = YES;
				CLANG_ANALYZER_NUMBER_OBJECT_CONVERSION = YES_AGGRESSIVE;
				CLANG_CXX_LANGUAGE_STANDARD = "gnu++0x";
				CLANG_CXX_LIBRARY = "libc++";
				CLANG_ENABLE_MODULES = YES;
				CLANG_ENABLE_OBJC_ARC = YES;
				CLANG_WARN_BOOL_CONVERSION = YES;
				CLANG_WARN_CONSTANT_CONVERSION = YES;
				CLANG_WARN_DIRECT_OBJC_ISA_USAGE = YES_ERROR;
				CLANG_WARN_DOCUMENTATION_COMMENTS = YES;
				CLANG_WARN_EMPTY_BODY = YES;
				CLANG_WARN_ENUM_CONVERSION = YES;
				CLANG_WARN_INFINITE_RECURSION = YES;
				CLANG_WARN_INT_CONVERSION = YES;
				CLANG_WARN_OBJC_ROOT_CLASS = YES_ERROR;
				CLANG_WARN_SUSPICIOUS_MOVE = YES;
				CLANG_WARN_UNREACHABLE_CODE = YES;
				CLANG_WARN__DUPLICATE_METHOD_MATCH = YES;
				"CODE_SIGN_IDENTITY[sdk=iphoneos*]" = "iPhone Developer";
				COPY_PHASE_STRIP = NO;
				DEBUG_INFORMATION_FORMAT = "dwarf-with-dsym";
				ENABLE_NS_ASSERTIONS = NO;
				ENABLE_STRICT_OBJC_MSGSEND = YES;
				GCC_C_LANGUAGE_STANDARD = gnu99;
				GCC_NO_COMMON_BLOCKS = YES;
				GCC_WARN_64_TO_32_BIT_CONVERSION = YES;
				GCC_WARN_ABOUT_RETURN_TYPE = YES_ERROR;
				GCC_WARN_UNDECLARED_SELECTOR = YES;
				GCC_WARN_UNINITIALIZED_AUTOS = YES_AGGRESSIVE;
				GCC_WARN_UNUSED_FUNCTION = YES;
				GCC_WARN_UNUSED_VARIABLE = YES;
				IPHONEOS_DEPLOYMENT_TARGET = 10.3;
				MTL_ENABLE_DEBUG_INFO = NO;
				SDKROOT = iphoneos;
				SWIFT_OPTIMIZATION_LEVEL = "-Owholemodule";
				TARGETED_DEVICE_FAMILY = "1,2";
				VALIDATE_PRODUCT = YES;
			};
			name = Release;
		};
		E7D75CB31F12678100FC2A0F /* Debug */ = {
			isa = XCBuildConfiguration;
			baseConfigurationReference = 451A53B4EC7A2223FCDC3087 /* Pods-CocoaMVC.debug.xcconfig */;
			buildSettings = {
				ASSETCATALOG_COMPILER_APPICON_NAME = AppIcon;
				ASSETCATALOG_COMPILER_LAUNCHIMAGE_NAME = LaunchImage;
				INFOPLIST_FILE = CocoaMVC/Info.plist;
				LD_RUNPATH_SEARCH_PATHS = "$(inherited) @executable_path/Frameworks";
				PRODUCT_BUNDLE_IDENTIFIER = com.vladimir.CocoaMVC;
				PRODUCT_NAME = "$(TARGET_NAME)";
				SWIFT_VERSION = 3.0;
			};
			name = Debug;
		};
		E7D75CB41F12678100FC2A0F /* Release */ = {
			isa = XCBuildConfiguration;
			baseConfigurationReference = B7B34A29407DFAD5843B92EC /* Pods-CocoaMVC.release.xcconfig */;
			buildSettings = {
				ASSETCATALOG_COMPILER_APPICON_NAME = AppIcon;
				ASSETCATALOG_COMPILER_LAUNCHIMAGE_NAME = LaunchImage;
				INFOPLIST_FILE = CocoaMVC/Info.plist;
				LD_RUNPATH_SEARCH_PATHS = "$(inherited) @executable_path/Frameworks";
				PRODUCT_BUNDLE_IDENTIFIER = com.vladimir.CocoaMVC;
				PRODUCT_NAME = "$(TARGET_NAME)";
				SWIFT_VERSION = 3.0;
			};
			name = Release;
		};
		E7D75CB61F12678100FC2A0F /* Debug */ = {
			isa = XCBuildConfiguration;
			baseConfigurationReference = 6E0D3AFA2C92DA0F553F8890 /* Pods-CocoaMVCTests.debug.xcconfig */;
			buildSettings = {
				ALWAYS_EMBED_SWIFT_STANDARD_LIBRARIES = YES;
				BUNDLE_LOADER = "$(TEST_HOST)";
				INFOPLIST_FILE = CocoaMVCTests/Info.plist;
				LD_RUNPATH_SEARCH_PATHS = "$(inherited) @executable_path/Frameworks @loader_path/Frameworks";
				PRODUCT_BUNDLE_IDENTIFIER = com.vladimir.CocoaMVCTests;
				PRODUCT_NAME = "$(TARGET_NAME)";
				SWIFT_VERSION = 3.0;
				TEST_HOST = "$(BUILT_PRODUCTS_DIR)/CocoaMVC.app/CocoaMVC";
			};
			name = Debug;
		};
		E7D75CB71F12678100FC2A0F /* Release */ = {
			isa = XCBuildConfiguration;
			baseConfigurationReference = 33305C0EFEBDE64A0268FBE3 /* Pods-CocoaMVCTests.release.xcconfig */;
			buildSettings = {
				ALWAYS_EMBED_SWIFT_STANDARD_LIBRARIES = YES;
				BUNDLE_LOADER = "$(TEST_HOST)";
				INFOPLIST_FILE = CocoaMVCTests/Info.plist;
				LD_RUNPATH_SEARCH_PATHS = "$(inherited) @executable_path/Frameworks @loader_path/Frameworks";
				PRODUCT_BUNDLE_IDENTIFIER = com.vladimir.CocoaMVCTests;
				PRODUCT_NAME = "$(TARGET_NAME)";
				SWIFT_VERSION = 3.0;
				TEST_HOST = "$(BUILT_PRODUCTS_DIR)/CocoaMVC.app/CocoaMVC";
			};
			name = Release;
		};
		E7D75CB91F12678100FC2A0F /* Debug */ = {
			isa = XCBuildConfiguration;
			baseConfigurationReference = 1D16E8E5311A7D25B31FFB05 /* Pods-CocoaMVCUITests.debug.xcconfig */;
			buildSettings = {
				ALWAYS_EMBED_SWIFT_STANDARD_LIBRARIES = YES;
				INFOPLIST_FILE = CocoaMVCUITests/Info.plist;
				LD_RUNPATH_SEARCH_PATHS = "$(inherited) @executable_path/Frameworks @loader_path/Frameworks";
				PRODUCT_BUNDLE_IDENTIFIER = com.vladimir.CocoaMVCUITests;
				PRODUCT_NAME = "$(TARGET_NAME)";
				SWIFT_VERSION = 3.0;
				TEST_TARGET_NAME = CocoaMVC;
			};
			name = Debug;
		};
		E7D75CBA1F12678100FC2A0F /* Release */ = {
			isa = XCBuildConfiguration;
			baseConfigurationReference = 129BA353F9B2DF5BD461873C /* Pods-CocoaMVCUITests.release.xcconfig */;
			buildSettings = {
				ALWAYS_EMBED_SWIFT_STANDARD_LIBRARIES = YES;
				INFOPLIST_FILE = CocoaMVCUITests/Info.plist;
				LD_RUNPATH_SEARCH_PATHS = "$(inherited) @executable_path/Frameworks @loader_path/Frameworks";
				PRODUCT_BUNDLE_IDENTIFIER = com.vladimir.CocoaMVCUITests;
				PRODUCT_NAME = "$(TARGET_NAME)";
				SWIFT_VERSION = 3.0;
				TEST_TARGET_NAME = CocoaMVC;
			};
			name = Release;
		};
/* End XCBuildConfiguration section */

/* Begin XCConfigurationList section */
		E7D75C4F1F12674E00FC2A0F /* Build configuration list for PBXProject "Architectural Patterns" */ = {
			isa = XCConfigurationList;
			buildConfigurations = (
				E7D75C7C1F12674E00FC2A0F /* Debug */,
				E7D75C7D1F12674E00FC2A0F /* Release */,
			);
			defaultConfigurationIsVisible = 0;
			defaultConfigurationName = Release;
		};
		E7D75CB21F12678100FC2A0F /* Build configuration list for PBXNativeTarget "CocoaMVC" */ = {
			isa = XCConfigurationList;
			buildConfigurations = (
				E7D75CB31F12678100FC2A0F /* Debug */,
				E7D75CB41F12678100FC2A0F /* Release */,
			);
			defaultConfigurationIsVisible = 0;
			defaultConfigurationName = Release;
		};
		E7D75CB51F12678100FC2A0F /* Build configuration list for PBXNativeTarget "CocoaMVCTests" */ = {
			isa = XCConfigurationList;
			buildConfigurations = (
				E7D75CB61F12678100FC2A0F /* Debug */,
				E7D75CB71F12678100FC2A0F /* Release */,
			);
			defaultConfigurationIsVisible = 0;
			defaultConfigurationName = Release;
		};
		E7D75CB81F12678100FC2A0F /* Build configuration list for PBXNativeTarget "CocoaMVCUITests" */ = {
			isa = XCConfigurationList;
			buildConfigurations = (
				E7D75CB91F12678100FC2A0F /* Debug */,
				E7D75CBA1F12678100FC2A0F /* Release */,
			);
			defaultConfigurationIsVisible = 0;
			defaultConfigurationName = Release;
		};
/* End XCConfigurationList section */
	};
	rootObject = E7D75C4C1F12674E00FC2A0F /* Project object */;
}
